// !$*UTF8*$!
{
	archiveVersion = 1;
	classes = {
	};
	objectVersion = 50;
	objects = {

/* Begin PBXBuildFile section */
		4B9C3E022127F67E0059D436 /* AppDelegate.swift in Sources */ = {isa = PBXBuildFile; fileRef = 4B9C3E012127F67E0059D436 /* AppDelegate.swift */; };
		4B9C3E042127F67E0059D436 /* ViewController.swift in Sources */ = {isa = PBXBuildFile; fileRef = 4B9C3E032127F67E0059D436 /* ViewController.swift */; };
		4B9C3E072127F67E0059D436 /* Main.storyboard in Resources */ = {isa = PBXBuildFile; fileRef = 4B9C3E052127F67E0059D436 /* Main.storyboard */; };
		4B9C3E092127F67F0059D436 /* Assets.xcassets in Resources */ = {isa = PBXBuildFile; fileRef = 4B9C3E082127F67F0059D436 /* Assets.xcassets */; };
		4B9C3E0C2127F67F0059D436 /* LaunchScreen.storyboard in Resources */ = {isa = PBXBuildFile; fileRef = 4B9C3E0A2127F67F0059D436 /* LaunchScreen.storyboard */; };
		4B9C3E172127F67F0059D436 /* PitchPerfectTests.swift in Sources */ = {isa = PBXBuildFile; fileRef = 4B9C3E162127F67F0059D436 /* PitchPerfectTests.swift */; };
		4B9C3E222127F67F0059D436 /* PitchPerfectUITests.swift in Sources */ = {isa = PBXBuildFile; fileRef = 4B9C3E212127F67F0059D436 /* PitchPerfectUITests.swift */; };
/* End PBXBuildFile section */

/* Begin PBXContainerItemProxy section */
		4B9C3E132127F67F0059D436 /* PBXContainerItemProxy */ = {
			isa = PBXContainerItemProxy;
			containerPortal = 4B9C3DF62127F67D0059D436 /* Project object */;
			proxyType = 1;
			remoteGlobalIDString = 4B9C3DFD2127F67D0059D436;
			remoteInfo = PitchPerfect;
		};
		4B9C3E1E2127F67F0059D436 /* PBXContainerItemProxy */ = {
			isa = PBXContainerItemProxy;
			containerPortal = 4B9C3DF62127F67D0059D436 /* Project object */;
			proxyType = 1;
			remoteGlobalIDString = 4B9C3DFD2127F67D0059D436;
			remoteInfo = PitchPerfect;
		};
/* End PBXContainerItemProxy section */

/* Begin PBXFileReference section */
		4B9C3DFE2127F67D0059D436 /* PitchPerfect.app */ = {isa = PBXFileReference; explicitFileType = wrapper.application; includeInIndex = 0; path = PitchPerfect.app; sourceTree = BUILT_PRODUCTS_DIR; };
		4B9C3E012127F67E0059D436 /* AppDelegate.swift */ = {isa = PBXFileReference; lastKnownFileType = sourcecode.swift; path = AppDelegate.swift; sourceTree = "<group>"; };
		4B9C3E032127F67E0059D436 /* ViewController.swift */ = {isa = PBXFileReference; lastKnownFileType = sourcecode.swift; path = ViewController.swift; sourceTree = "<group>"; };
		4B9C3E062127F67E0059D436 /* Base */ = {isa = PBXFileReference; lastKnownFileType = file.storyboard; name = Base; path = Base.lproj/Main.storyboard; sourceTree = "<group>"; };
		4B9C3E082127F67F0059D436 /* Assets.xcassets */ = {isa = PBXFileReference; lastKnownFileType = folder.assetcatalog; path = Assets.xcassets; sourceTree = "<group>"; };
		4B9C3E0B2127F67F0059D436 /* Base */ = {isa = PBXFileReference; lastKnownFileType = file.storyboard; name = Base; path = Base.lproj/LaunchScreen.storyboard; sourceTree = "<group>"; };
		4B9C3E0D2127F67F0059D436 /* Info.plist */ = {isa = PBXFileReference; lastKnownFileType = text.plist.xml; path = Info.plist; sourceTree = "<group>"; };
		4B9C3E122127F67F0059D436 /* PitchPerfectTests.xctest */ = {isa = PBXFileReference; explicitFileType = wrapper.cfbundle; includeInIndex = 0; path = PitchPerfectTests.xctest; sourceTree = BUILT_PRODUCTS_DIR; };
		4B9C3E162127F67F0059D436 /* PitchPerfectTests.swift */ = {isa = PBXFileReference; lastKnownFileType = sourcecode.swift; path = PitchPerfectTests.swift; sourceTree = "<group>"; };
		4B9C3E182127F67F0059D436 /* Info.plist */ = {isa = PBXFileReference; lastKnownFileType = text.plist.xml; path = Info.plist; sourceTree = "<group>"; };
		4B9C3E1D2127F67F0059D436 /* PitchPerfectUITests.xctest */ = {isa = PBXFileReference; explicitFileType = wrapper.cfbundle; includeInIndex = 0; path = PitchPerfectUITests.xctest; sourceTree = BUILT_PRODUCTS_DIR; };
		4B9C3E212127F67F0059D436 /* PitchPerfectUITests.swift */ = {isa = PBXFileReference; lastKnownFileType = sourcecode.swift; path = PitchPerfectUITests.swift; sourceTree = "<group>"; };
		4B9C3E232127F67F0059D436 /* Info.plist */ = {isa = PBXFileReference; lastKnownFileType = text.plist.xml; path = Info.plist; sourceTree = "<group>"; };
/* End PBXFileReference section */

/* Begin PBXFrameworksBuildPhase section */
		4B9C3DFB2127F67D0059D436 /* Frameworks */ = {
			isa = PBXFrameworksBuildPhase;
			buildActionMask = 2147483647;
			files = (
			);
			runOnlyForDeploymentPostprocessing = 0;
		};
		4B9C3E0F2127F67F0059D436 /* Frameworks */ = {
			isa = PBXFrameworksBuildPhase;
			buildActionMask = 2147483647;
			files = (
			);
			runOnlyForDeploymentPostprocessing = 0;
		};
		4B9C3E1A2127F67F0059D436 /* Frameworks */ = {
			isa = PBXFrameworksBuildPhase;
			buildActionMask = 2147483647;
			files = (
			);
			runOnlyForDeploymentPostprocessing = 0;
		};
/* End PBXFrameworksBuildPhase section */

/* Begin PBXGroup section */
		4B9C3DF52127F67D0059D436 = {
			isa = PBXGroup;
			children = (
				4B9C3E002127F67D0059D436 /* PitchPerfect */,
				4B9C3E152127F67F0059D436 /* PitchPerfectTests */,
				4B9C3E202127F67F0059D436 /* PitchPerfectUITests */,
				4B9C3DFF2127F67D0059D436 /* Products */,
			);
			sourceTree = "<group>";
		};
		4B9C3DFF2127F67D0059D436 /* Products */ = {
			isa = PBXGroup;
			children = (
				4B9C3DFE2127F67D0059D436 /* PitchPerfect.app */,
				4B9C3E122127F67F0059D436 /* PitchPerfectTests.xctest */,
				4B9C3E1D2127F67F0059D436 /* PitchPerfectUITests.xctest */,
			);
			name = Products;
			sourceTree = "<group>";
		};
		4B9C3E002127F67D0059D436 /* PitchPerfect */ = {
			isa = PBXGroup;
			children = (
				4B9C3E012127F67E0059D436 /* AppDelegate.swift */,
				4B9C3E032127F67E0059D436 /* ViewController.swift */,
				4B9C3E052127F67E0059D436 /* Main.storyboard */,
				4B9C3E082127F67F0059D436 /* Assets.xcassets */,
				4B9C3E0A2127F67F0059D436 /* LaunchScreen.storyboard */,
				4B9C3E0D2127F67F0059D436 /* Info.plist */,
			);
			path = PitchPerfect;
			sourceTree = "<group>";
		};
		4B9C3E152127F67F0059D436 /* PitchPerfectTests */ = {
			isa = PBXGroup;
			children = (
				4B9C3E162127F67F0059D436 /* PitchPerfectTests.swift */,
				4B9C3E182127F67F0059D436 /* Info.plist */,
			);
			path = PitchPerfectTests;
			sourceTree = "<group>";
		};
		4B9C3E202127F67F0059D436 /* PitchPerfectUITests */ = {
			isa = PBXGroup;
			children = (
				4B9C3E212127F67F0059D436 /* PitchPerfectUITests.swift */,
				4B9C3E232127F67F0059D436 /* Info.plist */,
			);
			path = PitchPerfectUITests;
			sourceTree = "<group>";
		};
/* End PBXGroup section */

/* Begin PBXNativeTarget section */
		4B9C3DFD2127F67D0059D436 /* PitchPerfect */ = {
			isa = PBXNativeTarget;
			buildConfigurationList = 4B9C3E262127F67F0059D436 /* Build configuration list for PBXNativeTarget "PitchPerfect" */;
			buildPhases = (
				4B9C3DFA2127F67D0059D436 /* Sources */,
				4B9C3DFB2127F67D0059D436 /* Frameworks */,
				4B9C3DFC2127F67D0059D436 /* Resources */,
			);
			buildRules = (
			);
			dependencies = (
			);
			name = PitchPerfect;
			productName = PitchPerfect;
			productReference = 4B9C3DFE2127F67D0059D436 /* PitchPerfect.app */;
			productType = "com.apple.product-type.application";
		};
		4B9C3E112127F67F0059D436 /* PitchPerfectTests */ = {
			isa = PBXNativeTarget;
			buildConfigurationList = 4B9C3E292127F67F0059D436 /* Build configuration list for PBXNativeTarget "PitchPerfectTests" */;
			buildPhases = (
				4B9C3E0E2127F67F0059D436 /* Sources */,
				4B9C3E0F2127F67F0059D436 /* Frameworks */,
				4B9C3E102127F67F0059D436 /* Resources */,
			);
			buildRules = (
			);
			dependencies = (
				4B9C3E142127F67F0059D436 /* PBXTargetDependency */,
			);
			name = PitchPerfectTests;
			productName = PitchPerfectTests;
			productReference = 4B9C3E122127F67F0059D436 /* PitchPerfectTests.xctest */;
			productType = "com.apple.product-type.bundle.unit-test";
		};
		4B9C3E1C2127F67F0059D436 /* PitchPerfectUITests */ = {
			isa = PBXNativeTarget;
			buildConfigurationList = 4B9C3E2C2127F67F0059D436 /* Build configuration list for PBXNativeTarget "PitchPerfectUITests" */;
			buildPhases = (
				4B9C3E192127F67F0059D436 /* Sources */,
				4B9C3E1A2127F67F0059D436 /* Frameworks */,
				4B9C3E1B2127F67F0059D436 /* Resources */,
			);
			buildRules = (
			);
			dependencies = (
				4B9C3E1F2127F67F0059D436 /* PBXTargetDependency */,
			);
			name = PitchPerfectUITests;
			productName = PitchPerfectUITests;
			productReference = 4B9C3E1D2127F67F0059D436 /* PitchPerfectUITests.xctest */;
			productType = "com.apple.product-type.bundle.ui-testing";
		};
/* End PBXNativeTarget section */

/* Begin PBXProject section */
		4B9C3DF62127F67D0059D436 /* Project object */ = {
			isa = PBXProject;
			attributes = {
				LastSwiftUpdateCheck = 0940;
				LastUpgradeCheck = 0940;
				ORGANIZATIONNAME = "Aditya Ladwa";
				TargetAttributes = {
					4B9C3DFD2127F67D0059D436 = {
						CreatedOnToolsVersion = 9.4.1;
					};
					4B9C3E112127F67F0059D436 = {
						CreatedOnToolsVersion = 9.4.1;
						TestTargetID = 4B9C3DFD2127F67D0059D436;
					};
					4B9C3E1C2127F67F0059D436 = {
						CreatedOnToolsVersion = 9.4.1;
						TestTargetID = 4B9C3DFD2127F67D0059D436;
					};
				};
			};
			buildConfigurationList = 4B9C3DF92127F67D0059D436 /* Build configuration list for PBXProject "PitchPerfect" */;
			compatibilityVersion = "Xcode 9.3";
			developmentRegion = en;
			hasScannedForEncodings = 0;
			knownRegions = (
				en,
				Base,
			);
			mainGroup = 4B9C3DF52127F67D0059D436;
			productRefGroup = 4B9C3DFF2127F67D0059D436 /* Products */;
			projectDirPath = "";
			projectRoot = "";
			targets = (
				4B9C3DFD2127F67D0059D436 /* PitchPerfect */,
				4B9C3E112127F67F0059D436 /* PitchPerfectTests */,
				4B9C3E1C2127F67F0059D436 /* PitchPerfectUITests */,
			);
		};
/* End PBXProject section */

/* Begin PBXResourcesBuildPhase section */
		4B9C3DFC2127F67D0059D436 /* Resources */ = {
			isa = PBXResourcesBuildPhase;
			buildActionMask = 2147483647;
			files = (
				4B9C3E0C2127F67F0059D436 /* LaunchScreen.storyboard in Resources */,
				4B9C3E092127F67F0059D436 /* Assets.xcassets in Resources */,
				4B9C3E072127F67E0059D436 /* Main.storyboard in Resources */,
			);
			runOnlyForDeploymentPostprocessing = 0;
		};
		4B9C3E102127F67F0059D436 /* Resources */ = {
			isa = PBXResourcesBuildPhase;
			buildActionMask = 2147483647;
			files = (
			);
			runOnlyForDeploymentPostprocessing = 0;
		};
		4B9C3E1B2127F67F0059D436 /* Resources */ = {
			isa = PBXResourcesBuildPhase;
			buildActionMask = 2147483647;
			files = (
			);
			runOnlyForDeploymentPostprocessing = 0;
		};
/* End PBXResourcesBuildPhase section */

/* Begin PBXSourcesBuildPhase section */
		4B9C3DFA2127F67D0059D436 /* Sources */ = {
			isa = PBXSourcesBuildPhase;
			buildActionMask = 2147483647;
			files = (
				4B9C3E042127F67E0059D436 /* ViewController.swift in Sources */,
				4B9C3E022127F67E0059D436 /* AppDelegate.swift in Sources */,
			);
			runOnlyForDeploymentPostprocessing = 0;
		};
		4B9C3E0E2127F67F0059D436 /* Sources */ = {
			isa = PBXSourcesBuildPhase;
			buildActionMask = 2147483647;
			files = (
				4B9C3E172127F67F0059D436 /* PitchPerfectTests.swift in Sources */,
			);
			runOnlyForDeploymentPostprocessing = 0;
		};
		4B9C3E192127F67F0059D436 /* Sources */ = {
			isa = PBXSourcesBuildPhase;
			buildActionMask = 2147483647;
			files = (
				4B9C3E222127F67F0059D436 /* PitchPerfectUITests.swift in Sources */,
			);
			runOnlyForDeploymentPostprocessing = 0;
		};
/* End PBXSourcesBuildPhase section */

/* Begin PBXTargetDependency section */
		4B9C3E142127F67F0059D436 /* PBXTargetDependency */ = {
			isa = PBXTargetDependency;
			target = 4B9C3DFD2127F67D0059D436 /* PitchPerfect */;
			targetProxy = 4B9C3E132127F67F0059D436 /* PBXContainerItemProxy */;
		};
		4B9C3E1F2127F67F0059D436 /* PBXTargetDependency */ = {
			isa = PBXTargetDependency;
			target = 4B9C3DFD2127F67D0059D436 /* PitchPerfect */;
			targetProxy = 4B9C3E1E2127F67F0059D436 /* PBXContainerItemProxy */;
		};
/* End PBXTargetDependency section */

/* Begin PBXVariantGroup section */
		4B9C3E052127F67E0059D436 /* Main.storyboard */ = {
			isa = PBXVariantGroup;
			children = (
				4B9C3E062127F67E0059D436 /* Base */,
			);
			name = Main.storyboard;
			sourceTree = "<group>";
		};
		4B9C3E0A2127F67F0059D436 /* LaunchScreen.storyboard */ = {
			isa = PBXVariantGroup;
			children = (
				4B9C3E0B2127F67F0059D436 /* Base */,
			);
			name = LaunchScreen.storyboard;
			sourceTree = "<group>";
		};
/* End PBXVariantGroup section */

/* Begin XCBuildConfiguration section */
		4B9C3E242127F67F0059D436 /* Debug */ = {
			isa = XCBuildConfiguration;
			buildSettings = {
				ALWAYS_SEARCH_USER_PATHS = NO;
				CLANG_ANALYZER_NONNULL = YES;
				CLANG_ANALYZER_NUMBER_OBJECT_CONVERSION = YES_AGGRESSIVE;
				CLANG_CXX_LANGUAGE_STANDARD = "gnu++14";
				CLANG_CXX_LIBRARY = "libc++";
				CLANG_ENABLE_MODULES = YES;
				CLANG_ENABLE_OBJC_ARC = YES;
				CLANG_ENABLE_OBJC_WEAK = YES;
				CLANG_WARN_BLOCK_CAPTURE_AUTORELEASING = YES;
				CLANG_WARN_BOOL_CONVERSION = YES;
				CLANG_WARN_COMMA = YES;
				CLANG_WARN_CONSTANT_CONVERSION = YES;
				CLANG_WARN_DEPRECATED_OBJC_IMPLEMENTATIONS = YES;
				CLANG_WARN_DIRECT_OBJC_ISA_USAGE = YES_ERROR;
				CLANG_WARN_DOCUMENTATION_COMMENTS = YES;
				CLANG_WARN_EMPTY_BODY = YES;
				CLANG_WARN_ENUM_CONVERSION = YES;
				CLANG_WARN_INFINITE_RECURSION = YES;
				CLANG_WARN_INT_CONVERSION = YES;
				CLANG_WARN_NON_LITERAL_NULL_CONVERSION = YES;
				CLANG_WARN_OBJC_IMPLICIT_RETAIN_SELF = YES;
				CLANG_WARN_OBJC_LITERAL_CONVERSION = YES;
				CLANG_WARN_OBJC_ROOT_CLASS = YES_ERROR;
				CLANG_WARN_RANGE_LOOP_ANALYSIS = YES;
				CLANG_WARN_STRICT_PROTOTYPES = YES;
				CLANG_WARN_SUSPICIOUS_MOVE = YES;
				CLANG_WARN_UNGUARDED_AVAILABILITY = YES_AGGRESSIVE;
				CLANG_WARN_UNREACHABLE_CODE = YES;
				CLANG_WARN__DUPLICATE_METHOD_MATCH = YES;
				CODE_SIGN_IDENTITY = "iPhone Developer";
				COPY_PHASE_STRIP = NO;
				DEBUG_INFORMATION_FORMAT = dwarf;
				ENABLE_STRICT_OBJC_MSGSEND = YES;
				ENABLE_TESTABILITY = YES;
				GCC_C_LANGUAGE_STANDARD = gnu11;
				GCC_DYNAMIC_NO_PIC = NO;
				GCC_NO_COMMON_BLOCKS = YES;
				GCC_OPTIMIZATION_LEVEL = 0;
				GCC_PREPROCESSOR_DEFINITIONS = (
					"DEBUG=1",
					"$(inherited)",
				);
				GCC_WARN_64_TO_32_BIT_CONVERSION = YES;
				GCC_WARN_ABOUT_RETURN_TYPE = YES_ERROR;
				GCC_WARN_UNDECLARED_SELECTOR = YES;
				GCC_WARN_UNINITIALIZED_AUTOS = YES_AGGRESSIVE;
				GCC_WARN_UNUSED_FUNCTION = YES;
				GCC_WARN_UNUSED_VARIABLE = YES;
				IPHONEOS_DEPLOYMENT_TARGET = 11.4;
				MTL_ENABLE_DEBUG_INFO = YES;
				ONLY_ACTIVE_ARCH = YES;
				SDKROOT = iphoneos;
				SWIFT_ACTIVE_COMPILATION_CONDITIONS = DEBUG;
				SWIFT_OPTIMIZATION_LEVEL = "-Onone";
			};
			name = Debug;
		};
		4B9C3E252127F67F0059D436 /* Release */ = {
			isa = XCBuildConfiguration;
			buildSettings = {
				ALWAYS_SEARCH_USER_PATHS = NO;
				CLANG_ANALYZER_NONNULL = YES;
				CLANG_ANALYZER_NUMBER_OBJECT_CONVERSION = YES_AGGRESSIVE;
				CLANG_CXX_LANGUAGE_STANDARD = "gnu++14";
				CLANG_CXX_LIBRARY = "libc++";
				CLANG_ENABLE_MODULES = YES;
				CLANG_ENABLE_OBJC_ARC = YES;
				CLANG_ENABLE_OBJC_WEAK = YES;
				CLANG_WARN_BLOCK_CAPTURE_AUTORELEASING = YES;
				CLANG_WARN_BOOL_CONVERSION = YES;
				CLANG_WARN_COMMA = YES;
				CLANG_WARN_CONSTANT_CONVERSION = YES;
				CLANG_WARN_DEPRECATED_OBJC_IMPLEMENTATIONS = YES;
				CLANG_WARN_DIRECT_OBJC_ISA_USAGE = YES_ERROR;
				CLANG_WARN_DOCUMENTATION_COMMENTS = YES;
				CLANG_WARN_EMPTY_BODY = YES;
				CLANG_WARN_ENUM_CONVERSION = YES;
				CLANG_WARN_INFINITE_RECURSION = YES;
				CLANG_WARN_INT_CONVERSION = YES;
				CLANG_WARN_NON_LITERAL_NULL_CONVERSION = YES;
				CLANG_WARN_OBJC_IMPLICIT_RETAIN_SELF = YES;
				CLANG_WARN_OBJC_LITERAL_CONVERSION = YES;
				CLANG_WARN_OBJC_ROOT_CLASS = YES_ERROR;
				CLANG_WARN_RANGE_LOOP_ANALYSIS = YES;
				CLANG_WARN_STRICT_PROTOTYPES = YES;
				CLANG_WARN_SUSPICIOUS_MOVE = YES;
				CLANG_WARN_UNGUARDED_AVAILABILITY = YES_AGGRESSIVE;
				CLANG_WARN_UNREACHABLE_CODE = YES;
				CLANG_WARN__DUPLICATE_METHOD_MATCH = YES;
				CODE_SIGN_IDENTITY = "iPhone Developer";
				COPY_PHASE_STRIP = NO;
				DEBUG_INFORMATION_FORMAT = "dwarf-with-dsym";
				ENABLE_NS_ASSERTIONS = NO;
				ENABLE_STRICT_OBJC_MSGSEND = YES;
				GCC_C_LANGUAGE_STANDARD = gnu11;
				GCC_NO_COMMON_BLOCKS = YES;
				GCC_WARN_64_TO_32_BIT_CONVERSION = YES;
				GCC_WARN_ABOUT_RETURN_TYPE = YES_ERROR;
				GCC_WARN_UNDECLARED_SELECTOR = YES;
				GCC_WARN_UNINITIALIZED_AUTOS = YES_AGGRESSIVE;
				GCC_WARN_UNUSED_FUNCTION = YES;
				GCC_WARN_UNUSED_VARIABLE = YES;
				IPHONEOS_DEPLOYMENT_TARGET = 11.4;
				MTL_ENABLE_DEBUG_INFO = NO;
				SDKROOT = iphoneos;
				SWIFT_COMPILATION_MODE = wholemodule;
				SWIFT_OPTIMIZATION_LEVEL = "-O";
				VALIDATE_PRODUCT = YES;
			};
			name = Release;
		};
		4B9C3E272127F67F0059D436 /* Debug */ = {
			isa = XCBuildConfiguration;
			buildSettings = {
				ASSETCATALOG_COMPILER_APPICON_NAME = AppIcon;
				CODE_SIGN_STYLE = Automatic;
				INFOPLIST_FILE = PitchPerfect/Info.plist;
				LD_RUNPATH_SEARCH_PATHS = (
					"$(inherited)",
					"@executable_path/Frameworks",
				);
				PRODUCT_BUNDLE_IDENTIFIER = com.ladwa.aditya.PitchPerfect;
				PRODUCT_NAME = "$(TARGET_NAME)";
				SWIFT_VERSION = 4.0;
				TARGETED_DEVICE_FAMILY = "1,2";
			};
			name = Debug;
		};
		4B9C3E282127F67F0059D436 /* Release */ = {
			isa = XCBuildConfiguration;
			buildSettings = {
				ASSETCATALOG_COMPILER_APPICON_NAME = AppIcon;
				CODE_SIGN_STYLE = Automatic;
				INFOPLIST_FILE = PitchPerfect/Info.plist;
				LD_RUNPATH_SEARCH_PATHS = (
					"$(inherited)",
					"@executable_path/Frameworks",
				);
				PRODUCT_BUNDLE_IDENTIFIER = com.ladwa.aditya.PitchPerfect;
				PRODUCT_NAME = "$(TARGET_NAME)";
				SWIFT_VERSION = 4.0;
				TARGETED_DEVICE_FAMILY = "1,2";
			};
			name = Release;
		};
		4B9C3E2A2127F67F0059D436 /* Debug */ = {
			isa = XCBuildConfiguration;
			buildSettings = {
				ALWAYS_EMBED_SWIFT_STANDARD_LIBRARIES = YES;
				BUNDLE_LOADER = "$(TEST_HOST)";
				CODE_SIGN_STYLE = Automatic;
				INFOPLIST_FILE = PitchPerfectTests/Info.plist;
				LD_RUNPATH_SEARCH_PATHS = (
					"$(inherited)",
					"@executable_path/Frameworks",
					"@loader_path/Frameworks",
				);
				PRODUCT_BUNDLE_IDENTIFIER = com.ladwa.aditya.PitchPerfectTests;
				PRODUCT_NAME = "$(TARGET_NAME)";
				SWIFT_VERSION = 4.0;
				TARGETED_DEVICE_FAMILY = "1,2";
				TEST_HOST = "$(BUILT_PRODUCTS_DIR)/PitchPerfect.app/PitchPerfect";
			};
			name = Debug;
		};
		4B9C3E2B2127F67F0059D436 /* Release */ = {
			isa = XCBuildConfiguration;
			buildSettings = {
				ALWAYS_EMBED_SWIFT_STANDARD_LIBRARIES = YES;
				BUNDLE_LOADER = "$(TEST_HOST)";
				CODE_SIGN_STYLE = Automatic;
				INFOPLIST_FILE = PitchPerfectTests/Info.plist;
				LD_RUNPATH_SEARCH_PATHS = (
					"$(inherited)",
					"@executable_path/Frameworks",
					"@loader_path/Frameworks",
				);
				PRODUCT_BUNDLE_IDENTIFIER = com.ladwa.aditya.PitchPerfectTests;
				PRODUCT_NAME = "$(TARGET_NAME)";
				SWIFT_VERSION = 4.0;
				TARGETED_DEVICE_FAMILY = "1,2";
				TEST_HOST = "$(BUILT_PRODUCTS_DIR)/PitchPerfect.app/PitchPerfect";
			};
			name = Release;
		};
		4B9C3E2D2127F67F0059D436 /* Debug */ = {
			isa = XCBuildConfiguration;
			buildSettings = {
				ALWAYS_EMBED_SWIFT_STANDARD_LIBRARIES = YES;
				CODE_SIGN_STYLE = Automatic;
				INFOPLIST_FILE = PitchPerfectUITests/Info.plist;
				LD_RUNPATH_SEARCH_PATHS = (
					"$(inherited)",
					"@executable_path/Frameworks",
					"@loader_path/Frameworks",
				);
				PRODUCT_BUNDLE_IDENTIFIER = com.ladwa.aditya.PitchPerfectUITests;
				PRODUCT_NAME = "$(TARGET_NAME)";
				SWIFT_VERSION = 4.0;
				TARGETED_DEVICE_FAMILY = "1,2";
				TEST_TARGET_NAME = PitchPerfect;
			};
			name = Debug;
		};
		4B9C3E2E2127F67F0059D436 /* Release */ = {
			isa = XCBuildConfiguration;
			buildSettings = {
				ALWAYS_EMBED_SWIFT_STANDARD_LIBRARIES = YES;
				CODE_SIGN_STYLE = Automatic;
				INFOPLIST_FILE = PitchPerfectUITests/Info.plist;
				LD_RUNPATH_SEARCH_PATHS = (
					"$(inherited)",
					"@executable_path/Frameworks",
					"@loader_path/Frameworks",
				);
				PRODUCT_BUNDLE_IDENTIFIER = com.ladwa.aditya.PitchPerfectUITests;
				PRODUCT_NAME = "$(TARGET_NAME)";
				SWIFT_VERSION = 4.0;
				TARGETED_DEVICE_FAMILY = "1,2";
				TEST_TARGET_NAME = PitchPerfect;
			};
			name = Release;
		};
/* End XCBuildConfiguration section */

/* Begin XCConfigurationList section */
		4B9C3DF92127F67D0059D436 /* Build configuration list for PBXProject "PitchPerfect" */ = {
			isa = XCConfigurationList;
			buildConfigurations = (
				4B9C3E242127F67F0059D436 /* Debug */,
				4B9C3E252127F67F0059D436 /* Release */,
			);
			defaultConfigurationIsVisible = 0;
			defaultConfigurationName = Release;
		};
		4B9C3E262127F67F0059D436 /* Build configuration list for PBXNativeTarget "PitchPerfect" */ = {
			isa = XCConfigurationList;
			buildConfigurations = (
				4B9C3E272127F67F0059D436 /* Debug */,
				4B9C3E282127F67F0059D436 /* Release */,
			);
			defaultConfigurationIsVisible = 0;
			defaultConfigurationName = Release;
		};
		4B9C3E292127F67F0059D436 /* Build configuration list for PBXNativeTarget "PitchPerfectTests" */ = {
			isa = XCConfigurationList;
			buildConfigurations = (
				4B9C3E2A2127F67F0059D436 /* Debug */,
				4B9C3E2B2127F67F0059D436 /* Release */,
			);
			defaultConfigurationIsVisible = 0;
			defaultConfigurationName = Release;
		};
		4B9C3E2C2127F67F0059D436 /* Build configuration list for PBXNativeTarget "PitchPerfectUITests" */ = {
			isa = XCConfigurationList;
			buildConfigurations = (
				4B9C3E2D2127F67F0059D436 /* Debug */,
				4B9C3E2E2127F67F0059D436 /* Release */,
			);
			defaultConfigurationIsVisible = 0;
			defaultConfigurationName = Release;
		};
/* End XCConfigurationList section */
	};
	rootObject = 4B9C3DF62127F67D0059D436 /* Project object */;
}
